
Microsoft Visual Studio Solution File, Format Version 12.00
# Visual Studio Version 17
VisualStudioVersion = 17.5.002.0
MinimumVisualStudioVersion = 10.0.40219.1
Project("{9A19103F-16F7-4668-BE54-9A1E7A4F7556}") = "Homework_01", "Homework_01.csproj", "{202100C6-C81C-424A-8982-E4E96DAD9197}"
EndProject
Global
	GlobalSection(SolutionConfigurationPlatforms) = preSolution
		Debug|Any CPU = Debug|Any CPU
		Release|Any CPU = Release|Any CPU
	EndGlobalSection
	GlobalSection(ProjectConfigurationPlatforms) = postSolution
		{202100C6-C81C-424A-8982-E4E96DAD9197}.Debug|Any CPU.ActiveCfg = Debug|Any CPU
		{202100C6-C81C-424A-8982-E4E96DAD9197}.Debug|Any CPU.Build.0 = Debug|Any CPU
		{202100C6-C81C-424A-8982-E4E96DAD9197}.Release|Any CPU.ActiveCfg = Release|Any CPU
		{202100C6-C81C-424A-8982-E4E96DAD9197}.Release|Any CPU.Build.0 = Release|Any CPU
	EndGlobalSection
	GlobalSection(SolutionProperties) = preSolution
		HideSolutionNode = FALSE
	EndGlobalSection
	GlobalSection(ExtensibilityGlobals) = postSolution
		SolutionGuid = {855FC0D0-EFE9-4174-B501-D0EC2BB72BD7}
	EndGlobalSection
EndGlobal
