
Microsoft Visual Studio Solution File, Format Version 12.00
# Visual Studio Version 17
VisualStudioVersion = 17.5.002.0
MinimumVisualStudioVersion = 10.0.40219.1
Project("{9A19103F-16F7-4668-BE54-9A1E7A4F7556}") = "Homework_05", "Homework_05.csproj", "{03256BBA-94D2-4B5D-986B-9DD532546B1D}"
EndProject
Global
	GlobalSection(SolutionConfigurationPlatforms) = preSolution
		Debug|Any CPU = Debug|Any CPU
		Release|Any CPU = Release|Any CPU
	EndGlobalSection
	GlobalSection(ProjectConfigurationPlatforms) = postSolution
		{03256BBA-94D2-4B5D-986B-9DD532546B1D}.Debug|Any CPU.ActiveCfg = Debug|Any CPU
		{03256BBA-94D2-4B5D-986B-9DD532546B1D}.Debug|Any CPU.Build.0 = Debug|Any CPU
		{03256BBA-94D2-4B5D-986B-9DD532546B1D}.Release|Any CPU.ActiveCfg = Release|Any CPU
		{03256BBA-94D2-4B5D-986B-9DD532546B1D}.Release|Any CPU.Build.0 = Release|Any CPU
	EndGlobalSection
	GlobalSection(SolutionProperties) = preSolution
		HideSolutionNode = FALSE
	EndGlobalSection
	GlobalSection(ExtensibilityGlobals) = postSolution
		SolutionGuid = {5187F105-3965-4C12-B78B-D4773B586371}
	EndGlobalSection
EndGlobal
